
Microsoft Visual Studio Solution File, Format Version 12.00
# Visual Studio Version 16
VisualStudioVersion = 16.0.32901.82
MinimumVisualStudioVersion = 10.0.40219.1
Project("{FAE04EC0-301F-11D3-BF4B-00C04F79EFBC}") = "Web", "Web\Web.csproj", "{BA47AECE-82A8-4BDC-A62B-BC57DCF0E190}"
EndProject
Project("{FAE04EC0-301F-11D3-BF4B-00C04F79EFBC}") = "Core", "Core\Core.csproj", "{696D27DA-6398-4F1E-BB0D-54C6E81E66EC}"
EndProject
Project("{FAE04EC0-301F-11D3-BF4B-00C04F79EFBC}") = "Infrastructure", "Infrastructure\Infrastructure.csproj", "{A3F833E2-1608-4F7A-94D6-3030F7463269}"
EndProject
Global
	GlobalSection(SolutionConfigurationPlatforms) = preSolution
		Debug|Any CPU = Debug|Any CPU
		Release|Any CPU = Release|Any CPU
	EndGlobalSection
	GlobalSection(ProjectConfigurationPlatforms) = postSolution
		{BA47AECE-82A8-4BDC-A62B-BC57DCF0E190}.Debug|Any CPU.ActiveCfg = Debug|Any CPU
		{BA47AECE-82A8-4BDC-A62B-BC57DCF0E190}.Debug|Any CPU.Build.0 = Debug|Any CPU
		{BA47AECE-82A8-4BDC-A62B-BC57DCF0E190}.Release|Any CPU.ActiveCfg = Release|Any CPU
		{BA47AECE-82A8-4BDC-A62B-BC57DCF0E190}.Release|Any CPU.Build.0 = Release|Any CPU
		{696D27DA-6398-4F1E-BB0D-54C6E81E66EC}.Debug|Any CPU.ActiveCfg = Debug|Any CPU
		{696D27DA-6398-4F1E-BB0D-54C6E81E66EC}.Debug|Any CPU.Build.0 = Debug|Any CPU
		{696D27DA-6398-4F1E-BB0D-54C6E81E66EC}.Release|Any CPU.ActiveCfg = Release|Any CPU
		{696D27DA-6398-4F1E-BB0D-54C6E81E66EC}.Release|Any CPU.Build.0 = Release|Any CPU
		{A3F833E2-1608-4F7A-94D6-3030F7463269}.Debug|Any CPU.ActiveCfg = Debug|Any CPU
		{A3F833E2-1608-4F7A-94D6-3030F7463269}.Debug|Any CPU.Build.0 = Debug|Any CPU
		{A3F833E2-1608-4F7A-94D6-3030F7463269}.Release|Any CPU.ActiveCfg = Release|Any CPU
		{A3F833E2-1608-4F7A-94D6-3030F7463269}.Release|Any CPU.Build.0 = Release|Any CPU
	EndGlobalSection
	GlobalSection(SolutionProperties) = preSolution
		HideSolutionNode = FALSE
	EndGlobalSection
	GlobalSection(ExtensibilityGlobals) = postSolution
		SolutionGuid = {C4A73F66-9B75-462A-9D55-B9AC83767661}
	EndGlobalSection
EndGlobal
